lockfileVersion: '9.0'

settings:
  autoInstallPeers: true
  excludeLinksFromLockfile: false

importers:

  .:
    devDependencies:
      bash-parser:
        specifier: ^0.5.0
        version: 0.5.0
      esbuild:
        specifier: ^0.25.0
        version: 0.25.0

packages:

  '@esbuild/aix-ppc64@0.25.0':
    resolution: {integrity: sha512-O7vun9Sf8DFjH2UtqK8Ku3LkquL9SZL8OLY1T5NZkA34+wG3OQF7cl4Ql8vdNzM6fzBbYfLaiRLIOZ+2FOCgBQ==}
    engines: {node: '>=18'}
    cpu: [ppc64]
    os: [aix]

  '@esbuild/android-arm64@0.25.0':
    resolution: {integrity: sha512-grvv8WncGjDSyUBjN9yHXNt+cq0snxXbDxy5pJtzMKGmmpPxeAmAhWxXI+01lU5rwZomDgD3kJwulEnhTRUd6g==}
    engines: {node: '>=18'}
    cpu: [arm64]
    os: [android]

  '@esbuild/android-arm@0.25.0':
    resolution: {integrity: sha512-PTyWCYYiU0+1eJKmw21lWtC+d08JDZPQ5g+kFyxP0V+es6VPPSUhM6zk8iImp2jbV6GwjX4pap0JFbUQN65X1g==}
    engines: {node: '>=18'}
    cpu: [arm]
    os: [android]

  '@esbuild/android-x64@0.25.0':
    resolution: {integrity: sha512-m/ix7SfKG5buCnxasr52+LI78SQ+wgdENi9CqyCXwjVR2X4Jkz+BpC3le3AoBPYTC9NHklwngVXvbJ9/Akhrfg==}
    engines: {node: '>=18'}
    cpu: [x64]
    os: [android]

  '@esbuild/darwin-arm64@0.25.0':
    resolution: {integrity: sha512-mVwdUb5SRkPayVadIOI78K7aAnPamoeFR2bT5nszFUZ9P8UpK4ratOdYbZZXYSqPKMHfS1wdHCJk1P1EZpRdvw==}
    engines: {node: '>=18'}
    cpu: [arm64]
    os: [darwin]

  '@esbuild/darwin-x64@0.25.0':
    resolution: {integrity: sha512-DgDaYsPWFTS4S3nWpFcMn/33ZZwAAeAFKNHNa1QN0rI4pUjgqf0f7ONmXf6d22tqTY+H9FNdgeaAa+YIFUn2Rg==}
    engines: {node: '>=18'}
    cpu: [x64]
    os: [darwin]

  '@esbuild/freebsd-arm64@0.25.0':
    resolution: {integrity: sha512-VN4ocxy6dxefN1MepBx/iD1dH5K8qNtNe227I0mnTRjry8tj5MRk4zprLEdG8WPyAPb93/e4pSgi1SoHdgOa4w==}
    engines: {node: '>=18'}
    cpu: [arm64]
    os: [freebsd]

  '@esbuild/freebsd-x64@0.25.0':
    resolution: {integrity: sha512-mrSgt7lCh07FY+hDD1TxiTyIHyttn6vnjesnPoVDNmDfOmggTLXRv8Id5fNZey1gl/V2dyVK1VXXqVsQIiAk+A==}
    engines: {node: '>=18'}
    cpu: [x64]
    os: [freebsd]

  '@esbuild/linux-arm64@0.25.0':
    resolution: {integrity: sha512-9QAQjTWNDM/Vk2bgBl17yWuZxZNQIF0OUUuPZRKoDtqF2k4EtYbpyiG5/Dk7nqeK6kIJWPYldkOcBqjXjrUlmg==}
    engines: {node: '>=18'}
    cpu: [arm64]
    os: [linux]

  '@esbuild/linux-arm@0.25.0':
    resolution: {integrity: sha512-vkB3IYj2IDo3g9xX7HqhPYxVkNQe8qTK55fraQyTzTX/fxaDtXiEnavv9geOsonh2Fd2RMB+i5cbhu2zMNWJwg==}
    engines: {node: '>=18'}
    cpu: [arm]
    os: [linux]

  '@esbuild/linux-ia32@0.25.0':
    resolution: {integrity: sha512-43ET5bHbphBegyeqLb7I1eYn2P/JYGNmzzdidq/w0T8E2SsYL1U6un2NFROFRg1JZLTzdCoRomg8Rvf9M6W6Gg==}
    engines: {node: '>=18'}
    cpu: [ia32]
    os: [linux]

  '@esbuild/linux-loong64@0.25.0':
    resolution: {integrity: sha512-fC95c/xyNFueMhClxJmeRIj2yrSMdDfmqJnyOY4ZqsALkDrrKJfIg5NTMSzVBr5YW1jf+l7/cndBfP3MSDpoHw==}
    engines: {node: '>=18'}
    cpu: [loong64]
    os: [linux]

  '@esbuild/linux-mips64el@0.25.0':
    resolution: {integrity: sha512-nkAMFju7KDW73T1DdH7glcyIptm95a7Le8irTQNO/qtkoyypZAnjchQgooFUDQhNAy4iu08N79W4T4pMBwhPwQ==}
    engines: {node: '>=18'}
    cpu: [mips64el]
    os: [linux]

  '@esbuild/linux-ppc64@0.25.0':
    resolution: {integrity: sha512-NhyOejdhRGS8Iwv+KKR2zTq2PpysF9XqY+Zk77vQHqNbo/PwZCzB5/h7VGuREZm1fixhs4Q/qWRSi5zmAiO4Fw==}
    engines: {node: '>=18'}
    cpu: [ppc64]
    os: [linux]

  '@esbuild/linux-riscv64@0.25.0':
    resolution: {integrity: sha512-5S/rbP5OY+GHLC5qXp1y/Mx//e92L1YDqkiBbO9TQOvuFXM+iDqUNG5XopAnXoRH3FjIUDkeGcY1cgNvnXp/kA==}
    engines: {node: '>=18'}
    cpu: [riscv64]
    os: [linux]

  '@esbuild/linux-s390x@0.25.0':
    resolution: {integrity: sha512-XM2BFsEBz0Fw37V0zU4CXfcfuACMrppsMFKdYY2WuTS3yi8O1nFOhil/xhKTmE1nPmVyvQJjJivgDT+xh8pXJA==}
    engines: {node: '>=18'}
    cpu: [s390x]
    os: [linux]

  '@esbuild/linux-x64@0.25.0':
    resolution: {integrity: sha512-9yl91rHw/cpwMCNytUDxwj2XjFpxML0y9HAOH9pNVQDpQrBxHy01Dx+vaMu0N1CKa/RzBD2hB4u//nfc+Sd3Cw==}
    engines: {node: '>=18'}
    cpu: [x64]
    os: [linux]

  '@esbuild/netbsd-arm64@0.25.0':
    resolution: {integrity: sha512-RuG4PSMPFfrkH6UwCAqBzauBWTygTvb1nxWasEJooGSJ/NwRw7b2HOwyRTQIU97Hq37l3npXoZGYMy3b3xYvPw==}
    engines: {node: '>=18'}
    cpu: [arm64]
    os: [netbsd]

  '@esbuild/netbsd-x64@0.25.0':
    resolution: {integrity: sha512-jl+qisSB5jk01N5f7sPCsBENCOlPiS/xptD5yxOx2oqQfyourJwIKLRA2yqWdifj3owQZCL2sn6o08dBzZGQzA==}
    engines: {node: '>=18'}
    cpu: [x64]
    os: [netbsd]

  '@esbuild/openbsd-arm64@0.25.0':
    resolution: {integrity: sha512-21sUNbq2r84YE+SJDfaQRvdgznTD8Xc0oc3p3iW/a1EVWeNj/SdUCbm5U0itZPQYRuRTW20fPMWMpcrciH2EJw==}
    engines: {node: '>=18'}
    cpu: [arm64]
    os: [openbsd]

  '@esbuild/openbsd-x64@0.25.0':
    resolution: {integrity: sha512-2gwwriSMPcCFRlPlKx3zLQhfN/2WjJ2NSlg5TKLQOJdV0mSxIcYNTMhk3H3ulL/cak+Xj0lY1Ym9ysDV1igceg==}
    engines: {node: '>=18'}
    cpu: [x64]
    os: [openbsd]

  '@esbuild/sunos-x64@0.25.0':
    resolution: {integrity: sha512-bxI7ThgLzPrPz484/S9jLlvUAHYMzy6I0XiU1ZMeAEOBcS0VePBFxh1JjTQt3Xiat5b6Oh4x7UC7IwKQKIJRIg==}
    engines: {node: '>=18'}
    cpu: [x64]
    os: [sunos]

  '@esbuild/win32-arm64@0.25.0':
    resolution: {integrity: sha512-ZUAc2YK6JW89xTbXvftxdnYy3m4iHIkDtK3CLce8wg8M2L+YZhIvO1DKpxrd0Yr59AeNNkTiic9YLf6FTtXWMw==}
    engines: {node: '>=18'}
    cpu: [arm64]
    os: [win32]

  '@esbuild/win32-ia32@0.25.0':
    resolution: {integrity: sha512-eSNxISBu8XweVEWG31/JzjkIGbGIJN/TrRoiSVZwZ6pkC6VX4Im/WV2cz559/TXLcYbcrDN8JtKgd9DJVIo8GA==}
    engines: {node: '>=18'}
    cpu: [ia32]
    os: [win32]

  '@esbuild/win32-x64@0.25.0':
    resolution: {integrity: sha512-ZENoHJBxA20C2zFzh6AI4fT6RraMzjYw4xKWemRTRmRVtN9c5DcH9r/f2ihEkMjOW5eGgrwCslG/+Y/3bL+DHQ==}
    engines: {node: '>=18'}
    cpu: [x64]
    os: [win32]

  arity-n@1.0.4:
    resolution: {integrity: sha512-fExL2kFDC1Q2DUOx3whE/9KoN66IzkY4b4zUHUBFM1ojEYjZZYDcUW3bek/ufGionX9giIKDC5redH2IlGqcQQ==}

  array-last@1.3.0:
    resolution: {integrity: sha512-eOCut5rXlI6aCOS7Z7kCplKRKyiFQ6dHFBem4PwlwKeNFk2/XxTrhRh5T9PyaEWGy/NHTZWbY+nsZlNFJu9rYg==}
    engines: {node: '>=0.10.0'}

  babylon@6.18.0:
    resolution: {integrity: sha512-q/UEjfGJ2Cm3oKV71DJz9d25TPnq5rhBVL2Q4fA5wcC3jcrdn7+SssEybFIxwAvvP+YCsCYNKughoF33GxgycQ==}
    hasBin: true

  bash-parser@0.5.0:
    resolution: {integrity: sha512-AQR43o4W4sj4Jf+oy4cFtGgyBps4B+MYnJg6Xds8VVC7yomFtQekhOORQNHfQ8D6YJ0XENykr3TpxMn3rUtgeg==}
    engines: {node: '>=4'}

  compose-function@3.0.3:
    resolution: {integrity: sha512-xzhzTJ5eC+gmIzvZq+C3kCJHsp9os6tJkrigDRZclyGtOKINbZtE8n1Tzmeh32jW+BUDPbvZpibwvJHBLGMVwg==}

  curry@1.2.0:
    resolution: {integrity: sha512-PAdmqPH2DUYTCc/aknv6RxRxmqdRHclvbz+wP8t1Xpg2Nu13qg+oLb6/5iFoDmf4dbmC9loYoy9PwwGbFt/AqA==}

  deep-freeze@0.0.1:
    resolution: {integrity: sha512-Z+z8HiAvsGwmjqlphnHW5oz6yWlOwu6EQfFTjmeTWlDeda3FS2yv3jhq35TX/ewmsnqB+RX2IdsIOyjJCQN5tg==}

  esbuild@0.25.0:
    resolution: {integrity: sha512-BXq5mqc8ltbaN34cDqWuYKyNhX8D/Z0J1xdtdQ8UcIIIyJyz+ZMKUt58tF3SrZ85jcfN/PZYhjR5uDQAYNVbuw==}
    engines: {node: '>=18'}
    hasBin: true

  filter-iterator@0.0.1:
    resolution: {integrity: sha512-v4lhL7Qa8XpbW3LN46CEnmhGk3eHZwxfNl5at20aEkreesht4YKb/Ba3BUIbnPhAC/r3dmu7ABaGk6MAvh2alA==}

  filter-obj@1.1.0:
    resolution: {integrity: sha512-8rXg1ZnX7xzy2NGDVkBVaAy+lSlPNwad13BtgSlLuxfIslyt5Vg64U7tFcCt4WS1R0hvtnQybT/IyCkGZ3DpXQ==}
    engines: {node: '>=0.10.0'}

  has-own-property@0.1.0:
    resolution: {integrity: sha512-14qdBKoonU99XDhWcFKZTShK+QV47qU97u8zzoVo9cL5TZ3BmBHXogItSt9qJjR0KUMFRhcCW8uGIGl8nkl7Aw==}

  identity-function@1.0.0:
    resolution: {integrity: sha512-kNrgUK0qI+9qLTBidsH85HjDLpZfrrS0ElquKKe/fJFdB3D7VeKdXXEvOPDUHSHOzdZKCAAaQIWWyp0l2yq6pw==}

  is-iterable@1.1.1:
    resolution: {integrity: sha512-EdOZCr0NsGE00Pot+x1ZFx9MJK3C6wy91geZpXwvwexDLJvA4nzYyZf7r+EIwSeVsOLDdBz7ATg9NqKTzuNYuQ==}
    engines: {node: '>= 4'}

  is-number@4.0.0:
    resolution: {integrity: sha512-rSklcAIlf1OmFdyAqbnWTLVelsQ58uvZ66S/ZyawjWqIviTWCjg2PzVGw8WUA+nNuPTqb4wgA+NszrJ+08LlgQ==}
    engines: {node: '>=0.10.0'}

  iterable-lookahead@1.0.0:
    resolution: {integrity: sha512-hJnEP2Xk4+44DDwJqUQGdXal5VbyeWLaPyDl2AQc242Zr7iqz4DgpQOrEzglWVMGHMDCkguLHEKxd1+rOsmgSQ==}
    engines: {node: '>=4'}

  iterable-transform-replace@1.2.0:
    resolution: {integrity: sha512-AVCCj7CTUifWQ0ubraDgx5/e6tOWaL5qh/C8BDTjH0GuhNyFMCSsSmDtYpa4Y3ReAAQNSjUWfQ+ojhmjX10pdQ==}

  magic-string@0.16.0:
    resolution: {integrity: sha512-c4BEos3y6G2qO0B9X7K0FVLOPT9uGrjYwYRLFmDqyl5YMboUviyecnXWp94fJTSMwPw2/sf+CEYt5AGpmklkkQ==}

  map-iterable@1.0.1:
    resolution: {integrity: sha512-siKFftph+ka2jWt8faiOWFzKP+eEuXrHuhYBitssJ5zJm209FCw5JBnaNLDiaCCb/CYZmxprdM6P7p16nA6YRA==}
    engines: {node: '>=4'}

  map-obj@2.0.0:
    resolution: {integrity: sha512-TzQSV2DiMYgoF5RycneKVUzIa9bQsj/B3tTgsE3dOGqlzHnGIDaC7XBE7grnA+8kZPnfqSGFe95VHc2oc0VFUQ==}
    engines: {node: '>=4'}

  object-pairs@0.1.0:
    resolution: {integrity: sha512-3ECr6K831I4xX/Mduxr9UC+HPOz/d6WKKYj9p4cmC8Lg8p7g8gitzsxNX5IWlSIgFWN/a4JgrJaoAMKn20oKwA==}

  object-values@1.0.0:
    resolution: {integrity: sha512-+8hwcz/JnQ9EpLIXzN0Rs7DLsBpJNT/xYehtB/jU93tHYr5BFEO8E+JGQNOSqE7opVzz5cGksKFHt7uUJVLSjQ==}
    engines: {node: '>=0.10.0'}

  reverse-arguments@1.0.0:
    resolution: {integrity: sha512-/x8uIPdTafBqakK0TmPNJzgkLP+3H+yxpUJhCQHsLBg1rYEVNR2D8BRYNWQhVBjyOd7oo1dZRVzIkwMY2oqfYQ==}

  shell-quote-word@1.0.1:
    resolution: {integrity: sha512-lT297f1WLAdq0A4O+AknIFRP6kkiI3s8C913eJ0XqBxJbZPGWUNkRQk2u8zk4bEAjUJ5i+fSLwB6z1HzeT+DEg==}

  string.fromcodepoint@0.2.1:
    resolution: {integrity: sha512-n69H31OnxSGSZyZbgBlvYIXlrMhJQ0dQAX1js1QDhpaUH6zmU3QYlj07bCwCNlPOu3oRXIubGPl2gDGnHsiCqg==}

  to-no-case@1.0.2:
    resolution: {integrity: sha512-Z3g735FxuZY8rodxV4gH7LxClE4H0hTIyHNIHdk+vpQxjLm0cwnKXq/OFVZ76SOQmto7txVcwSCwkU5kqp+FKg==}

  to-pascal-case@1.0.0:
    resolution: {integrity: sha512-QGMWHqM6xPrcQW57S23c5/3BbYb0Tbe9p+ur98ckRnGDwD4wbbtDiYI38CfmMKNB5Iv0REjs5SNDntTwvDxzZA==}

  to-space-case@1.0.0:
    resolution: {integrity: sha512-rLdvwXZ39VOn1IxGL3V6ZstoTbwLRckQmn/U8ZDLuWwIXNpuZDhQ3AiRUlhTbOXFVE9C+dR51wM0CBDhk31VcA==}

  transform-spread-iterable@1.4.1:
    resolution: {integrity: sha512-/GnF26X3zC8wfWyRzvuXX/Vb31TrU3Rwipmr4MC5hTi6X/yOXxXUSw4+pcHmKJ2+0KRrcS21YWZw77ukhVJBdQ==}

  unescape-js@1.1.4:
    resolution: {integrity: sha512-42SD8NOQEhdYntEiUQdYq/1V/YHwr1HLwlHuTJB5InVVdOSbgI6xu8jK5q65yIzuFCfczzyDF/7hbGzVbyCw0g==}

  vlq@0.2.3:
    resolution: {integrity: sha512-DRibZL6DsNhIgYQ+wNdWDL2SL3bKPlVrRiBqV5yuMm++op8W4kGFtaQfCs4KEJn0wBZcHVHJ3eoywX8983k1ow==}

snapshots:

  '@esbuild/aix-ppc64@0.25.0':
    optional: true

  '@esbuild/android-arm64@0.25.0':
    optional: true

  '@esbuild/android-arm@0.25.0':
    optional: true

  '@esbuild/android-x64@0.25.0':
    optional: true

  '@esbuild/darwin-arm64@0.25.0':
    optional: true

  '@esbuild/darwin-x64@0.25.0':
    optional: true

  '@esbuild/freebsd-arm64@0.25.0':
    optional: true

  '@esbuild/freebsd-x64@0.25.0':
    optional: true

  '@esbuild/linux-arm64@0.25.0':
    optional: true

  '@esbuild/linux-arm@0.25.0':
    optional: true

  '@esbuild/linux-ia32@0.25.0':
    optional: true

  '@esbuild/linux-loong64@0.25.0':
    optional: true

  '@esbuild/linux-mips64el@0.25.0':
    optional: true

  '@esbuild/linux-ppc64@0.25.0':
    optional: true

  '@esbuild/linux-riscv64@0.25.0':
    optional: true

  '@esbuild/linux-s390x@0.25.0':
    optional: true

  '@esbuild/linux-x64@0.25.0':
    optional: true

  '@esbuild/netbsd-arm64@0.25.0':
    optional: true

  '@esbuild/netbsd-x64@0.25.0':
    optional: true

  '@esbuild/openbsd-arm64@0.25.0':
    optional: true

  '@esbuild/openbsd-x64@0.25.0':
    optional: true

  '@esbuild/sunos-x64@0.25.0':
    optional: true

  '@esbuild/win32-arm64@0.25.0':
    optional: true

  '@esbuild/win32-ia32@0.25.0':
    optional: true

  '@esbuild/win32-x64@0.25.0':
    optional: true

  arity-n@1.0.4: {}

  array-last@1.3.0:
    dependencies:
      is-number: 4.0.0

  babylon@6.18.0: {}

  bash-parser@0.5.0:
    dependencies:
      array-last: 1.3.0
      babylon: 6.18.0
      compose-function: 3.0.3
      curry: 1.2.0
      deep-freeze: 0.0.1
      filter-iterator: 0.0.1
      filter-obj: 1.1.0
      has-own-property: 0.1.0
      identity-function: 1.0.0
      iterable-lookahead: 1.0.0
      iterable-transform-replace: 1.2.0
      magic-string: 0.16.0
      map-iterable: 1.0.1
      map-obj: 2.0.0
      object-pairs: 0.1.0
      object-values: 1.0.0
      reverse-arguments: 1.0.0
      shell-quote-word: 1.0.1
      to-pascal-case: 1.0.0
      transform-spread-iterable: 1.4.1
      unescape-js: 1.1.4

  compose-function@3.0.3:
    dependencies:
      arity-n: 1.0.4

  curry@1.2.0: {}

  deep-freeze@0.0.1: {}

  esbuild@0.25.0:
    optionalDependencies:
      '@esbuild/aix-ppc64': 0.25.0
      '@esbuild/android-arm': 0.25.0
      '@esbuild/android-arm64': 0.25.0
      '@esbuild/android-x64': 0.25.0
      '@esbuild/darwin-arm64': 0.25.0
      '@esbuild/darwin-x64': 0.25.0
      '@esbuild/freebsd-arm64': 0.25.0
      '@esbuild/freebsd-x64': 0.25.0
      '@esbuild/linux-arm': 0.25.0
      '@esbuild/linux-arm64': 0.25.0
      '@esbuild/linux-ia32': 0.25.0
      '@esbuild/linux-loong64': 0.25.0
      '@esbuild/linux-mips64el': 0.25.0
      '@esbuild/linux-ppc64': 0.25.0
      '@esbuild/linux-riscv64': 0.25.0
      '@esbuild/linux-s390x': 0.25.0
      '@esbuild/linux-x64': 0.25.0
      '@esbuild/netbsd-arm64': 0.25.0
      '@esbuild/netbsd-x64': 0.25.0
      '@esbuild/openbsd-arm64': 0.25.0
      '@esbuild/openbsd-x64': 0.25.0
      '@esbuild/sunos-x64': 0.25.0
      '@esbuild/win32-arm64': 0.25.0
      '@esbuild/win32-ia32': 0.25.0
      '@esbuild/win32-x64': 0.25.0

  filter-iterator@0.0.1: {}

  filter-obj@1.1.0: {}

  has-own-property@0.1.0: {}

  identity-function@1.0.0: {}

  is-iterable@1.1.1: {}

  is-number@4.0.0: {}

  iterable-lookahead@1.0.0: {}

  iterable-transform-replace@1.2.0:
    dependencies:
      curry: 1.2.0

  magic-string@0.16.0:
    dependencies:
      vlq: 0.2.3

  map-iterable@1.0.1:
    dependencies:
      curry: 1.2.0
      is-iterable: 1.1.1

  map-obj@2.0.0: {}

  object-pairs@0.1.0: {}

  object-values@1.0.0: {}

  reverse-arguments@1.0.0: {}

  shell-quote-word@1.0.1: {}

  string.fromcodepoint@0.2.1: {}

  to-no-case@1.0.2: {}

  to-pascal-case@1.0.0:
    dependencies:
      to-space-case: 1.0.0

  to-space-case@1.0.0:
    dependencies:
      to-no-case: 1.0.2

  transform-spread-iterable@1.4.1:
    dependencies:
      curry: 1.2.0

  unescape-js@1.1.4:
    dependencies:
      string.fromcodepoint: 0.2.1

  vlq@0.2.3: {}
